
Microsoft Visual Studio Solution File, Format Version 12.00
# Visual Studio Version 16
VisualStudioVersion = 16.0.29613.14
MinimumVisualStudioVersion = 10.0.40219.1
Project("{FAE04EC0-301F-11D3-BF4B-00C04F79EFBC}") = "UnitTests", "UnitTests\UnitTests.csproj", "{224866C5-7DDB-4269-A623-B4658D43C082}"
EndProject
Project("{FAE04EC0-301F-11D3-BF4B-00C04F79EFBC}") = "IntegrationTests", "IntegrationTests\IntegrationTests.csproj", "{BBB5230B-870B-47F2-8A7E-52D736BDDE5C}"
EndProject
Project("{E24C65DC-7377-472B-9ABA-BC803B73C61A}") = "tx_r3", "http://localhost:32931", "{5AC608EF-9768-4BBF-96AF-393F26C547C0}"
	ProjectSection(WebsiteProperties) = preProject
		UseIISExpress = "true"
		TargetFrameworkMoniker = ".NETFramework,Version%3Dv4.7.2"
		Debug.AspNetCompiler.VirtualPath = "/localhost_32931"
		Debug.AspNetCompiler.PhysicalPath = "tx_r3\"
		Debug.AspNetCompiler.TargetPath = "PrecompiledWeb\localhost_32931\"
		Debug.AspNetCompiler.Updateable = "true"
		Debug.AspNetCompiler.ForceOverwrite = "true"
		Debug.AspNetCompiler.FixedNames = "false"
		Debug.AspNetCompiler.Debug = "True"
		Release.AspNetCompiler.VirtualPath = "/localhost_32931"
		Release.AspNetCompiler.PhysicalPath = "tx_r3\"
		Release.AspNetCompiler.TargetPath = "PrecompiledWeb\localhost_32931\"
		Release.AspNetCompiler.Updateable = "true"
		Release.AspNetCompiler.ForceOverwrite = "true"
		Release.AspNetCompiler.FixedNames = "false"
		Release.AspNetCompiler.Debug = "False"
		SlnRelativePath = "tx_r3\"
	EndProjectSection
EndProject
Global
	GlobalSection(SolutionConfigurationPlatforms) = preSolution
		Debug|Any CPU = Debug|Any CPU
		ModelPresentation|Any CPU = ModelPresentation|Any CPU
		Release|Any CPU = Release|Any CPU
	EndGlobalSection
	GlobalSection(ProjectConfigurationPlatforms) = postSolution
		{224866C5-7DDB-4269-A623-B4658D43C082}.Debug|Any CPU.ActiveCfg = Debug|Any CPU
		{224866C5-7DDB-4269-A623-B4658D43C082}.Debug|Any CPU.Build.0 = Debug|Any CPU
		{224866C5-7DDB-4269-A623-B4658D43C082}.ModelPresentation|Any CPU.ActiveCfg = Release|Any CPU
		{224866C5-7DDB-4269-A623-B4658D43C082}.ModelPresentation|Any CPU.Build.0 = Release|Any CPU
		{224866C5-7DDB-4269-A623-B4658D43C082}.Release|Any CPU.ActiveCfg = Release|Any CPU
		{224866C5-7DDB-4269-A623-B4658D43C082}.Release|Any CPU.Build.0 = Release|Any CPU
		{BBB5230B-870B-47F2-8A7E-52D736BDDE5C}.Debug|Any CPU.ActiveCfg = Debug|Any CPU
		{BBB5230B-870B-47F2-8A7E-52D736BDDE5C}.Debug|Any CPU.Build.0 = Debug|Any CPU
		{BBB5230B-870B-47F2-8A7E-52D736BDDE5C}.ModelPresentation|Any CPU.ActiveCfg = Release|Any CPU
		{BBB5230B-870B-47F2-8A7E-52D736BDDE5C}.ModelPresentation|Any CPU.Build.0 = Release|Any CPU
		{BBB5230B-870B-47F2-8A7E-52D736BDDE5C}.Release|Any CPU.ActiveCfg = Release|Any CPU
		{BBB5230B-870B-47F2-8A7E-52D736BDDE5C}.Release|Any CPU.Build.0 = Release|Any CPU
		{5AC608EF-9768-4BBF-96AF-393F26C547C0}.Debug|Any CPU.ActiveCfg = Debug|Any CPU
		{5AC608EF-9768-4BBF-96AF-393F26C547C0}.Debug|Any CPU.Build.0 = Debug|Any CPU
		{5AC608EF-9768-4BBF-96AF-393F26C547C0}.ModelPresentation|Any CPU.ActiveCfg = Debug|Any CPU
		{5AC608EF-9768-4BBF-96AF-393F26C547C0}.ModelPresentation|Any CPU.Build.0 = Debug|Any CPU
		{5AC608EF-9768-4BBF-96AF-393F26C547C0}.Release|Any CPU.ActiveCfg = Debug|Any CPU
		{5AC608EF-9768-4BBF-96AF-393F26C547C0}.Release|Any CPU.Build.0 = Debug|Any CPU
	EndGlobalSection
	GlobalSection(SolutionProperties) = preSolution
		HideSolutionNode = FALSE
	EndGlobalSection
	GlobalSection(ExtensibilityGlobals) = postSolution
		SolutionGuid = {759A94D5-EFBC-4667-84E5-93D3C9E976FA}
	EndGlobalSection
EndGlobal
